
Microsoft Visual Studio Solution File, Format Version 12.00
# Visual Studio Version 17
VisualStudioVersion = 17.14.37111.16 d17.14
MinimumVisualStudioVersion = 10.0.40219.1
Project("{FAE04EC0-301F-11D3-BF4B-00C04F79EFBC}") = "Employee.api", "Employee.api\Employee.api.csproj", "{0010A3D9-A000-4AE2-BE85-D381E91B39BD}"
EndProject
Global
	GlobalSection(SolutionConfigurationPlatforms) = preSolution
		Debug|Any CPU = Debug|Any CPU
		Release|Any CPU = Release|Any CPU
	EndGlobalSection
	GlobalSection(ProjectConfigurationPlatforms) = postSolution
		{0010A3D9-A000-4AE2-BE85-D381E91B39BD}.Debug|Any CPU.ActiveCfg = Debug|Any CPU
		{0010A3D9-A000-4AE2-BE85-D381E91B39BD}.Debug|Any CPU.Build.0 = Debug|Any CPU
		{0010A3D9-A000-4AE2-BE85-D381E91B39BD}.Release|Any CPU.ActiveCfg = Release|Any CPU
		{0010A3D9-A000-4AE2-BE85-D381E91B39BD}.Release|Any CPU.Build.0 = Release|Any CPU
	EndGlobalSection
	GlobalSection(SolutionProperties) = preSolution
		HideSolutionNode = FALSE
	EndGlobalSection
	GlobalSection(ExtensibilityGlobals) = postSolution
		SolutionGuid = {2029EDB3-78C4-4A74-BFE2-6E6910071C68}
	EndGlobalSection
EndGlobal
